// !$*UTF8*$!
{
	archiveVersion = 1;
	classes = {
	};
	objectVersion = 50;
	objects = {

/* Begin PBXBuildFile section */
		D71D694D207BE8E400231CAD /* Places.swift in Sources */ = {isa = PBXBuildFile; fileRef = D71D694C207BE8E400231CAD /* Places.swift */; };
		D74EE885207D5C1400AA99AF /* MyTripsTableViewController.swift in Sources */ = {isa = PBXBuildFile; fileRef = D74EE884207D5C1400AA99AF /* MyTripsTableViewController.swift */; };
		D7565112207BD558007861CE /* AppDelegate.swift in Sources */ = {isa = PBXBuildFile; fileRef = D7565111207BD558007861CE /* AppDelegate.swift */; };
		D7565114207BD558007861CE /* ViewController.swift in Sources */ = {isa = PBXBuildFile; fileRef = D7565113207BD558007861CE /* ViewController.swift */; };
		D7565117207BD558007861CE /* Main.storyboard in Resources */ = {isa = PBXBuildFile; fileRef = D7565115207BD558007861CE /* Main.storyboard */; };
		D7565119207BD55B007861CE /* Assets.xcassets in Resources */ = {isa = PBXBuildFile; fileRef = D7565118207BD55B007861CE /* Assets.xcassets */; };
		D756511C207BD55B007861CE /* LaunchScreen.storyboard in Resources */ = {isa = PBXBuildFile; fileRef = D756511A207BD55B007861CE /* LaunchScreen.storyboard */; };
		D7565124207BDE68007861CE /* LocationSearchTable.swift in Sources */ = {isa = PBXBuildFile; fileRef = D7565123207BDE68007861CE /* LocationSearchTable.swift */; };
		D7565126207BE7C8007861CE /* DetailViewController.swift in Sources */ = {isa = PBXBuildFile; fileRef = D7565125207BE7C8007861CE /* DetailViewController.swift */; };
		D781451920812A3E00A3565A /* MyTripInfoView.swift in Sources */ = {isa = PBXBuildFile; fileRef = D781451820812A3E00A3565A /* MyTripInfoView.swift */; };
/* End PBXBuildFile section */

/* Begin PBXFileReference section */
		D71D694C207BE8E400231CAD /* Places.swift */ = {isa = PBXFileReference; lastKnownFileType = sourcecode.swift; path = Places.swift; sourceTree = "<group>"; };
		D74EE884207D5C1400AA99AF /* MyTripsTableViewController.swift */ = {isa = PBXFileReference; lastKnownFileType = sourcecode.swift; path = MyTripsTableViewController.swift; sourceTree = "<group>"; };
		D756510E207BD558007861CE /* HikeNow.app */ = {isa = PBXFileReference; explicitFileType = wrapper.application; includeInIndex = 0; path = HikeNow.app; sourceTree = BUILT_PRODUCTS_DIR; };
		D7565111207BD558007861CE /* AppDelegate.swift */ = {isa = PBXFileReference; lastKnownFileType = sourcecode.swift; path = AppDelegate.swift; sourceTree = "<group>"; };
		D7565113207BD558007861CE /* ViewController.swift */ = {isa = PBXFileReference; lastKnownFileType = sourcecode.swift; path = ViewController.swift; sourceTree = "<group>"; };
		D7565116207BD558007861CE /* Base */ = {isa = PBXFileReference; lastKnownFileType = file.storyboard; name = Base; path = Base.lproj/Main.storyboard; sourceTree = "<group>"; };
		D7565118207BD55B007861CE /* Assets.xcassets */ = {isa = PBXFileReference; lastKnownFileType = folder.assetcatalog; path = Assets.xcassets; sourceTree = "<group>"; };
		D756511B207BD55B007861CE /* Base */ = {isa = PBXFileReference; lastKnownFileType = file.storyboard; name = Base; path = Base.lproj/LaunchScreen.storyboard; sourceTree = "<group>"; };
		D756511D207BD55B007861CE /* Info.plist */ = {isa = PBXFileReference; lastKnownFileType = text.plist.xml; path = Info.plist; sourceTree = "<group>"; };
		D7565123207BDE68007861CE /* LocationSearchTable.swift */ = {isa = PBXFileReference; lastKnownFileType = sourcecode.swift; path = LocationSearchTable.swift; sourceTree = "<group>"; };
		D7565125207BE7C8007861CE /* DetailViewController.swift */ = {isa = PBXFileReference; lastKnownFileType = sourcecode.swift; path = DetailViewController.swift; sourceTree = "<group>"; };
		D781451820812A3E00A3565A /* MyTripInfoView.swift */ = {isa = PBXFileReference; lastKnownFileType = sourcecode.swift; path = MyTripInfoView.swift; sourceTree = "<group>"; };
/* End PBXFileReference section */

/* Begin PBXFrameworksBuildPhase section */
		D756510B207BD558007861CE /* Frameworks */ = {
			isa = PBXFrameworksBuildPhase;
			buildActionMask = 2147483647;
			files = (
			);
			runOnlyForDeploymentPostprocessing = 0;
		};
/* End PBXFrameworksBuildPhase section */

/* Begin PBXGroup section */
		D7565105207BD558007861CE = {
			isa = PBXGroup;
			children = (
				D7565110207BD558007861CE /* HikeNow */,
				D756510F207BD558007861CE /* Products */,
			);
			sourceTree = "<group>";
		};
		D756510F207BD558007861CE /* Products */ = {
			isa = PBXGroup;
			children = (
				D756510E207BD558007861CE /* HikeNow.app */,
			);
			name = Products;
			sourceTree = "<group>";
		};
		D7565110207BD558007861CE /* HikeNow */ = {
			isa = PBXGroup;
			children = (
				D7565123207BDE68007861CE /* LocationSearchTable.swift */,
				D7565111207BD558007861CE /* AppDelegate.swift */,
				D7565113207BD558007861CE /* ViewController.swift */,
				D781451820812A3E00A3565A /* MyTripInfoView.swift */,
				D7565115207BD558007861CE /* Main.storyboard */,
				D74EE884207D5C1400AA99AF /* MyTripsTableViewController.swift */,
				D71D694C207BE8E400231CAD /* Places.swift */,
				D7565125207BE7C8007861CE /* DetailViewController.swift */,
				D7565118207BD55B007861CE /* Assets.xcassets */,
				D756511A207BD55B007861CE /* LaunchScreen.storyboard */,
				D756511D207BD55B007861CE /* Info.plist */,
			);
			path = HikeNow;
			sourceTree = "<group>";
		};
/* End PBXGroup section */

/* Begin PBXNativeTarget section */
		D756510D207BD558007861CE /* HikeNow */ = {
			isa = PBXNativeTarget;
			buildConfigurationList = D7565120207BD55B007861CE /* Build configuration list for PBXNativeTarget "HikeNow" */;
			buildPhases = (
				D756510A207BD558007861CE /* Sources */,
				D756510B207BD558007861CE /* Frameworks */,
				D756510C207BD558007861CE /* Resources */,
			);
			buildRules = (
			);
			dependencies = (
			);
			name = HikeNow;
			productName = mapSearch2;
			productReference = D756510E207BD558007861CE /* HikeNow.app */;
			productType = "com.apple.product-type.application";
		};
/* End PBXNativeTarget section */

/* Begin PBXProject section */
		D7565106207BD558007861CE /* Project object */ = {
			isa = PBXProject;
			attributes = {
				LastSwiftUpdateCheck = 0930;
				LastUpgradeCheck = 0930;
				ORGANIZATIONNAME = "Alex Bumpers";
				TargetAttributes = {
					D756510D207BD558007861CE = {
						CreatedOnToolsVersion = 9.3;
					};
				};
			};
			buildConfigurationList = D7565109207BD558007861CE /* Build configuration list for PBXProject "HikeNow" */;
			compatibilityVersion = "Xcode 9.3";
			developmentRegion = en;
			hasScannedForEncodings = 0;
			knownRegions = (
				en,
				Base,
			);
			mainGroup = D7565105207BD558007861CE;
			productRefGroup = D756510F207BD558007861CE /* Products */;
			projectDirPath = "";
			projectRoot = "";
			targets = (
				D756510D207BD558007861CE /* HikeNow */,
			);
		};
/* End PBXProject section */

/* Begin PBXResourcesBuildPhase section */
		D756510C207BD558007861CE /* Resources */ = {
			isa = PBXResourcesBuildPhase;
			buildActionMask = 2147483647;
			files = (
				D756511C207BD55B007861CE /* LaunchScreen.storyboard in Resources */,
				D7565119207BD55B007861CE /* Assets.xcassets in Resources */,
				D7565117207BD558007861CE /* Main.storyboard in Resources */,
			);
			runOnlyForDeploymentPostprocessing = 0;
		};
/* End PBXResourcesBuildPhase section */

/* Begin PBXSourcesBuildPhase section */
		D756510A207BD558007861CE /* Sources */ = {
			isa = PBXSourcesBuildPhase;
			buildActionMask = 2147483647;
			files = (
				D74EE885207D5C1400AA99AF /* MyTripsTableViewController.swift in Sources */,
				D71D694D207BE8E400231CAD /* Places.swift in Sources */,
				D7565124207BDE68007861CE /* LocationSearchTable.swift in Sources */,
				D7565114207BD558007861CE /* ViewController.swift in Sources */,
				D7565112207BD558007861CE /* AppDelegate.swift in Sources */,
				D7565126207BE7C8007861CE /* DetailViewController.swift in Sources */,
				D781451920812A3E00A3565A /* MyTripInfoView.swift in Sources */,
			);
			runOnlyForDeploymentPostprocessing = 0;
		};
/* End PBXSourcesBuildPhase section */

/* Begin PBXVariantGroup section */
		D7565115207BD558007861CE /* Main.storyboard */ = {
			isa = PBXVariantGroup;
			children = (
				D7565116207BD558007861CE /* Base */,
			);
			name = Main.storyboard;
			sourceTree = "<group>";
		};
		D756511A207BD55B007861CE /* LaunchScreen.storyboard */ = {
			isa = PBXVariantGroup;
			children = (
				D756511B207BD55B007861CE /* Base */,
			);
			name = LaunchScreen.storyboard;
			sourceTree = "<group>";
		};
/* End PBXVariantGroup section */

/* Begin XCBuildConfiguration section */
		D756511E207BD55B007861CE /* Debug */ = {
			isa = XCBuildConfiguration;
			buildSettings = {
				ALWAYS_SEARCH_USER_PATHS = NO;
				CLANG_ANALYZER_NONNULL = YES;
				CLANG_ANALYZER_NUMBER_OBJECT_CONVERSION = YES_AGGRESSIVE;
				CLANG_CXX_LANGUAGE_STANDARD = "gnu++14";
				CLANG_CXX_LIBRARY = "libc++";
				CLANG_ENABLE_MODULES = YES;
				CLANG_ENABLE_OBJC_ARC = YES;
				CLANG_ENABLE_OBJC_WEAK = YES;
				CLANG_WARN_BLOCK_CAPTURE_AUTORELEASING = YES;
				CLANG_WARN_BOOL_CONVERSION = YES;
				CLANG_WARN_COMMA = YES;
				CLANG_WARN_CONSTANT_CONVERSION = YES;
				CLANG_WARN_DEPRECATED_OBJC_IMPLEMENTATIONS = YES;
				CLANG_WARN_DIRECT_OBJC_ISA_USAGE = YES_ERROR;
				CLANG_WARN_DOCUMENTATION_COMMENTS = YES;
				CLANG_WARN_EMPTY_BODY = YES;
				CLANG_WARN_ENUM_CONVERSION = YES;
				CLANG_WARN_INFINITE_RECURSION = YES;
				CLANG_WARN_INT_CONVERSION = YES;
				CLANG_WARN_NON_LITERAL_NULL_CONVERSION = YES;
				CLANG_WARN_OBJC_IMPLICIT_RETAIN_SELF = YES;
				CLANG_WARN_OBJC_LITERAL_CONVERSION = YES;
				CLANG_WARN_OBJC_ROOT_CLASS = YES_ERROR;
				CLANG_WARN_RANGE_LOOP_ANALYSIS = YES;
				CLANG_WARN_STRICT_PROTOTYPES = YES;
				CLANG_WARN_SUSPICIOUS_MOVE = YES;
				CLANG_WARN_UNGUARDED_AVAILABILITY = YES_AGGRESSIVE;
				CLANG_WARN_UNREACHABLE_CODE = YES;
				CLANG_WARN__DUPLICATE_METHOD_MATCH = YES;
				CODE_SIGN_IDENTITY = "iPhone Developer";
				COPY_PHASE_STRIP = NO;
				DEBUG_INFORMATION_FORMAT = dwarf;
				ENABLE_STRICT_OBJC_MSGSEND = YES;
				ENABLE_TESTABILITY = YES;
				GCC_C_LANGUAGE_STANDARD = gnu11;
				GCC_DYNAMIC_NO_PIC = NO;
				GCC_NO_COMMON_BLOCKS = YES;
				GCC_OPTIMIZATION_LEVEL = 0;
				GCC_PREPROCESSOR_DEFINITIONS = (
					"DEBUG=1",
					"$(inherited)",
				);
				GCC_WARN_64_TO_32_BIT_CONVERSION = YES;
				GCC_WARN_ABOUT_RETURN_TYPE = YES_ERROR;
				GCC_WARN_UNDECLARED_SELECTOR = YES;
				GCC_WARN_UNINITIALIZED_AUTOS = YES_AGGRESSIVE;
				GCC_WARN_UNUSED_FUNCTION = YES;
				GCC_WARN_UNUSED_VARIABLE = YES;
				IPHONEOS_DEPLOYMENT_TARGET = 11.3;
				MTL_ENABLE_DEBUG_INFO = YES;
				ONLY_ACTIVE_ARCH = YES;
				SDKROOT = iphoneos;
				SWIFT_ACTIVE_COMPILATION_CONDITIONS = DEBUG;
				SWIFT_OPTIMIZATION_LEVEL = "-Onone";
			};
			name = Debug;
		};
		D756511F207BD55B007861CE /* Release */ = {
			isa = XCBuildConfiguration;
			buildSettings = {
				ALWAYS_SEARCH_USER_PATHS = NO;
				CLANG_ANALYZER_NONNULL = YES;
				CLANG_ANALYZER_NUMBER_OBJECT_CONVERSION = YES_AGGRESSIVE;
				CLANG_CXX_LANGUAGE_STANDARD = "gnu++14";
				CLANG_CXX_LIBRARY = "libc++";
				CLANG_ENABLE_MODULES = YES;
				CLANG_ENABLE_OBJC_ARC = YES;
				CLANG_ENABLE_OBJC_WEAK = YES;
				CLANG_WARN_BLOCK_CAPTURE_AUTORELEASING = YES;
				CLANG_WARN_BOOL_CONVERSION = YES;
				CLANG_WARN_COMMA = YES;
				CLANG_WARN_CONSTANT_CONVERSION = YES;
				CLANG_WARN_DEPRECATED_OBJC_IMPLEMENTATIONS = YES;
				CLANG_WARN_DIRECT_OBJC_ISA_USAGE = YES_ERROR;
				CLANG_WARN_DOCUMENTATION_COMMENTS = YES;
				CLANG_WARN_EMPTY_BODY = YES;
				CLANG_WARN_ENUM_CONVERSION = YES;
				CLANG_WARN_INFINITE_RECURSION = YES;
				CLANG_WARN_INT_CONVERSION = YES;
				CLANG_WARN_NON_LITERAL_NULL_CONVERSION = YES;
				CLANG_WARN_OBJC_IMPLICIT_RETAIN_SELF = YES;
				CLANG_WARN_OBJC_LITERAL_CONVERSION = YES;
				CLANG_WARN_OBJC_ROOT_CLASS = YES_ERROR;
				CLANG_WARN_RANGE_LOOP_ANALYSIS = YES;
				CLANG_WARN_STRICT_PROTOTYPES = YES;
				CLANG_WARN_SUSPICIOUS_MOVE = YES;
				CLANG_WARN_UNGUARDED_AVAILABILITY = YES_AGGRESSIVE;
				CLANG_WARN_UNREACHABLE_CODE = YES;
				CLANG_WARN__DUPLICATE_METHOD_MATCH = YES;
				CODE_SIGN_IDENTITY = "iPhone Developer";
				COPY_PHASE_STRIP = NO;
				DEBUG_INFORMATION_FORMAT = "dwarf-with-dsym";
				ENABLE_NS_ASSERTIONS = NO;
				ENABLE_STRICT_OBJC_MSGSEND = YES;
				GCC_C_LANGUAGE_STANDARD = gnu11;
				GCC_NO_COMMON_BLOCKS = YES;
				GCC_WARN_64_TO_32_BIT_CONVERSION = YES;
				GCC_WARN_ABOUT_RETURN_TYPE = YES_ERROR;
				GCC_WARN_UNDECLARED_SELECTOR = YES;
				GCC_WARN_UNINITIALIZED_AUTOS = YES_AGGRESSIVE;
				GCC_WARN_UNUSED_FUNCTION = YES;
				GCC_WARN_UNUSED_VARIABLE = YES;
				IPHONEOS_DEPLOYMENT_TARGET = 11.3;
				MTL_ENABLE_DEBUG_INFO = NO;
				SDKROOT = iphoneos;
				SWIFT_COMPILATION_MODE = wholemodule;
				SWIFT_OPTIMIZATION_LEVEL = "-O";
				VALIDATE_PRODUCT = YES;
			};
			name = Release;
		};
		D7565121207BD55B007861CE /* Debug */ = {
			isa = XCBuildConfiguration;
			buildSettings = {
				ASSETCATALOG_COMPILER_APPICON_NAME = AppIcon;
				CODE_SIGN_STYLE = Automatic;
				DEVELOPMENT_TEAM = M9FK8LF462;
				INFOPLIST_FILE = HikeNow/Info.plist;
				IPHONEOS_DEPLOYMENT_TARGET = 11.0;
				LD_RUNPATH_SEARCH_PATHS = (
					"$(inherited)",
					"@executable_path/Frameworks",
				);
				PRODUCT_BUNDLE_IDENTIFIER = com.HikeNow;
				PRODUCT_NAME = "$(TARGET_NAME)";
				SWIFT_VERSION = 4.0;
				TARGETED_DEVICE_FAMILY = "1,2";
			};
			name = Debug;
		};
		D7565122207BD55B007861CE /* Release */ = {
			isa = XCBuildConfiguration;
			buildSettings = {
				ASSETCATALOG_COMPILER_APPICON_NAME = AppIcon;
				CODE_SIGN_STYLE = Automatic;
				DEVELOPMENT_TEAM = M9FK8LF462;
				INFOPLIST_FILE = HikeNow/Info.plist;
				IPHONEOS_DEPLOYMENT_TARGET = 11.0;
				LD_RUNPATH_SEARCH_PATHS = (
					"$(inherited)",
					"@executable_path/Frameworks",
				);
				PRODUCT_BUNDLE_IDENTIFIER = com.HikeNow;
				PRODUCT_NAME = "$(TARGET_NAME)";
				SWIFT_VERSION = 4.0;
				TARGETED_DEVICE_FAMILY = "1,2";
			};
			name = Release;
		};
/* End XCBuildConfiguration section */

/* Begin XCConfigurationList section */
		D7565109207BD558007861CE /* Build configuration list for PBXProject "HikeNow" */ = {
			isa = XCConfigurationList;
			buildConfigurations = (
				D756511E207BD55B007861CE /* Debug */,
				D756511F207BD55B007861CE /* Release */,
			);
			defaultConfigurationIsVisible = 0;
			defaultConfigurationName = Release;
		};
		D7565120207BD55B007861CE /* Build configuration list for PBXNativeTarget "HikeNow" */ = {
			isa = XCConfigurationList;
			buildConfigurations = (
				D7565121207BD55B007861CE /* Debug */,
				D7565122207BD55B007861CE /* Release */,
			);
			defaultConfigurationIsVisible = 0;
			defaultConfigurationName = Release;
		};
/* End XCConfigurationList section */
	};
	rootObject = D7565106207BD558007861CE /* Project object */;
}
